// !$*UTF8*$!
{
	archiveVersion = 1;
	classes = {
	};
	objectVersion = 48;
	objects = {

/* Begin PBXBuildFile section */
		533D181A208FDA9900A7EB4B /* ProductCreateUpdateViewController.swift in Sources */ = {isa = PBXBuildFile; fileRef = 533D1819208FDA9900A7EB4B /* ProductCreateUpdateViewController.swift */; };
		533D181C208FE04200A7EB4B /* UIViewController+CoreData.swift in Sources */ = {isa = PBXBuildFile; fileRef = 533D181B208FE04200A7EB4B /* UIViewController+CoreData.swift */; };
		533D181E208FE11A00A7EB4B /* ProductDAO.swift in Sources */ = {isa = PBXBuildFile; fileRef = 533D181D208FE11A00A7EB4B /* ProductDAO.swift */; };
		AC552E74208E988800DC7E6E /* AppDelegate.swift in Sources */ = {isa = PBXBuildFile; fileRef = AC552E73208E988800DC7E6E /* AppDelegate.swift */; };
		AC552E76208E988800DC7E6E /* ProductTableViewController.swift in Sources */ = {isa = PBXBuildFile; fileRef = AC552E75208E988800DC7E6E /* ProductTableViewController.swift */; };
		AC552E79208E988800DC7E6E /* Main.storyboard in Resources */ = {isa = PBXBuildFile; fileRef = AC552E77208E988800DC7E6E /* Main.storyboard */; };
		AC552E7C208E988800DC7E6E /* LucasCaramelo.xcdatamodeld in Sources */ = {isa = PBXBuildFile; fileRef = AC552E7A208E988800DC7E6E /* LucasCaramelo.xcdatamodeld */; };
		AC552E7E208E988800DC7E6E /* Assets.xcassets in Resources */ = {isa = PBXBuildFile; fileRef = AC552E7D208E988800DC7E6E /* Assets.xcassets */; };
		AC552E81208E988800DC7E6E /* LaunchScreen.storyboard in Resources */ = {isa = PBXBuildFile; fileRef = AC552E7F208E988800DC7E6E /* LaunchScreen.storyboard */; };
		AC552E89208EA00600DC7E6E /* ProductTableViewCell.swift in Sources */ = {isa = PBXBuildFile; fileRef = AC552E88208EA00600DC7E6E /* ProductTableViewCell.swift */; };
/* End PBXBuildFile section */

/* Begin PBXFileReference section */
		533D1819208FDA9900A7EB4B /* ProductCreateUpdateViewController.swift */ = {isa = PBXFileReference; lastKnownFileType = sourcecode.swift; path = ProductCreateUpdateViewController.swift; sourceTree = "<group>"; };
		533D181B208FE04200A7EB4B /* UIViewController+CoreData.swift */ = {isa = PBXFileReference; lastKnownFileType = sourcecode.swift; path = "UIViewController+CoreData.swift"; sourceTree = "<group>"; };
		533D181D208FE11A00A7EB4B /* ProductDAO.swift */ = {isa = PBXFileReference; lastKnownFileType = sourcecode.swift; path = ProductDAO.swift; sourceTree = "<group>"; };
		AC552E70208E988800DC7E6E /* LucasCaramelo.app */ = {isa = PBXFileReference; explicitFileType = wrapper.application; includeInIndex = 0; path = LucasCaramelo.app; sourceTree = BUILT_PRODUCTS_DIR; };
		AC552E73208E988800DC7E6E /* AppDelegate.swift */ = {isa = PBXFileReference; lastKnownFileType = sourcecode.swift; path = AppDelegate.swift; sourceTree = "<group>"; };
		AC552E75208E988800DC7E6E /* ProductTableViewController.swift */ = {isa = PBXFileReference; lastKnownFileType = sourcecode.swift; path = ProductTableViewController.swift; sourceTree = "<group>"; };
		AC552E78208E988800DC7E6E /* Base */ = {isa = PBXFileReference; lastKnownFileType = file.storyboard; name = Base; path = Base.lproj/Main.storyboard; sourceTree = "<group>"; };
		AC552E7B208E988800DC7E6E /* LucasCaramelo.xcdatamodel */ = {isa = PBXFileReference; lastKnownFileType = wrapper.xcdatamodel; path = LucasCaramelo.xcdatamodel; sourceTree = "<group>"; };
		AC552E7D208E988800DC7E6E /* Assets.xcassets */ = {isa = PBXFileReference; lastKnownFileType = folder.assetcatalog; path = Assets.xcassets; sourceTree = "<group>"; };
		AC552E80208E988800DC7E6E /* Base */ = {isa = PBXFileReference; lastKnownFileType = file.storyboard; name = Base; path = Base.lproj/LaunchScreen.storyboard; sourceTree = "<group>"; };
		AC552E82208E988800DC7E6E /* Info.plist */ = {isa = PBXFileReference; lastKnownFileType = text.plist.xml; path = Info.plist; sourceTree = "<group>"; };
		AC552E88208EA00600DC7E6E /* ProductTableViewCell.swift */ = {isa = PBXFileReference; lastKnownFileType = sourcecode.swift; path = ProductTableViewCell.swift; sourceTree = "<group>"; };
/* End PBXFileReference section */

/* Begin PBXFrameworksBuildPhase section */
		AC552E6D208E988800DC7E6E /* Frameworks */ = {
			isa = PBXFrameworksBuildPhase;
			buildActionMask = 2147483647;
			files = (
			);
			runOnlyForDeploymentPostprocessing = 0;
		};
/* End PBXFrameworksBuildPhase section */

/* Begin PBXGroup section */
		533D1818208FDA6600A7EB4B /* product */ = {
			isa = PBXGroup;
			children = (
				AC552E75208E988800DC7E6E /* ProductTableViewController.swift */,
				AC552E88208EA00600DC7E6E /* ProductTableViewCell.swift */,
				533D1819208FDA9900A7EB4B /* ProductCreateUpdateViewController.swift */,
				533D181D208FE11A00A7EB4B /* ProductDAO.swift */,
			);
			path = product;
			sourceTree = "<group>";
		};
		AC552E67208E988800DC7E6E = {
			isa = PBXGroup;
			children = (
				AC552E72208E988800DC7E6E /* LucasCaramelo */,
				AC552E71208E988800DC7E6E /* Products */,
			);
			sourceTree = "<group>";
		};
		AC552E71208E988800DC7E6E /* Products */ = {
			isa = PBXGroup;
			children = (
				AC552E70208E988800DC7E6E /* LucasCaramelo.app */,
			);
			name = Products;
			sourceTree = "<group>";
		};
		AC552E72208E988800DC7E6E /* LucasCaramelo */ = {
			isa = PBXGroup;
			children = (
				533D1818208FDA6600A7EB4B /* product */,
				AC552E73208E988800DC7E6E /* AppDelegate.swift */,
				533D181B208FE04200A7EB4B /* UIViewController+CoreData.swift */,
				AC552E77208E988800DC7E6E /* Main.storyboard */,
				AC552E7D208E988800DC7E6E /* Assets.xcassets */,
				AC552E7F208E988800DC7E6E /* LaunchScreen.storyboard */,
				AC552E82208E988800DC7E6E /* Info.plist */,
				AC552E7A208E988800DC7E6E /* LucasCaramelo.xcdatamodeld */,
			);
			path = LucasCaramelo;
			sourceTree = "<group>";
		};
/* End PBXGroup section */

/* Begin PBXNativeTarget section */
		AC552E6F208E988800DC7E6E /* LucasCaramelo */ = {
			isa = PBXNativeTarget;
			buildConfigurationList = AC552E85208E988800DC7E6E /* Build configuration list for PBXNativeTarget "LucasCaramelo" */;
			buildPhases = (
				AC552E6C208E988800DC7E6E /* Sources */,
				AC552E6D208E988800DC7E6E /* Frameworks */,
				AC552E6E208E988800DC7E6E /* Resources */,
			);
			buildRules = (
			);
			dependencies = (
			);
			name = LucasCaramelo;
			productName = LucasCaramelo;
			productReference = AC552E70208E988800DC7E6E /* LucasCaramelo.app */;
			productType = "com.apple.product-type.application";
		};
/* End PBXNativeTarget section */

/* Begin PBXProject section */
		AC552E68208E988800DC7E6E /* Project object */ = {
			isa = PBXProject;
			attributes = {
				LastSwiftUpdateCheck = 0920;
				LastUpgradeCheck = 0920;
				ORGANIZATIONNAME = fiap;
				TargetAttributes = {
					AC552E6F208E988800DC7E6E = {
						CreatedOnToolsVersion = 9.2;
						ProvisioningStyle = Automatic;
					};
				};
			};
			buildConfigurationList = AC552E6B208E988800DC7E6E /* Build configuration list for PBXProject "LucasCaramelo" */;
			compatibilityVersion = "Xcode 8.0";
			developmentRegion = en;
			hasScannedForEncodings = 0;
			knownRegions = (
				en,
				Base,
			);
			mainGroup = AC552E67208E988800DC7E6E;
			productRefGroup = AC552E71208E988800DC7E6E /* Products */;
			projectDirPath = "";
			projectRoot = "";
			targets = (
				AC552E6F208E988800DC7E6E /* LucasCaramelo */,
			);
		};
/* End PBXProject section */

/* Begin PBXResourcesBuildPhase section */
		AC552E6E208E988800DC7E6E /* Resources */ = {
			isa = PBXResourcesBuildPhase;
			buildActionMask = 2147483647;
			files = (
				AC552E81208E988800DC7E6E /* LaunchScreen.storyboard in Resources */,
				AC552E7E208E988800DC7E6E /* Assets.xcassets in Resources */,
				AC552E79208E988800DC7E6E /* Main.storyboard in Resources */,
			);
			runOnlyForDeploymentPostprocessing = 0;
		};
/* End PBXResourcesBuildPhase section */

/* Begin PBXSourcesBuildPhase section */
		AC552E6C208E988800DC7E6E /* Sources */ = {
			isa = PBXSourcesBuildPhase;
			buildActionMask = 2147483647;
			files = (
				AC552E76208E988800DC7E6E /* ProductTableViewController.swift in Sources */,
				AC552E89208EA00600DC7E6E /* ProductTableViewCell.swift in Sources */,
				533D181A208FDA9900A7EB4B /* ProductCreateUpdateViewController.swift in Sources */,
				533D181C208FE04200A7EB4B /* UIViewController+CoreData.swift in Sources */,
				533D181E208FE11A00A7EB4B /* ProductDAO.swift in Sources */,
				AC552E7C208E988800DC7E6E /* LucasCaramelo.xcdatamodeld in Sources */,
				AC552E74208E988800DC7E6E /* AppDelegate.swift in Sources */,
			);
			runOnlyForDeploymentPostprocessing = 0;
		};
/* End PBXSourcesBuildPhase section */

/* Begin PBXVariantGroup section */
		AC552E77208E988800DC7E6E /* Main.storyboard */ = {
			isa = PBXVariantGroup;
			children = (
				AC552E78208E988800DC7E6E /* Base */,
			);
			name = Main.storyboard;
			sourceTree = "<group>";
		};
		AC552E7F208E988800DC7E6E /* LaunchScreen.storyboard */ = {
			isa = PBXVariantGroup;
			children = (
				AC552E80208E988800DC7E6E /* Base */,
			);
			name = LaunchScreen.storyboard;
			sourceTree = "<group>";
		};
/* End PBXVariantGroup section */

/* Begin XCBuildConfiguration section */
		AC552E83208E988800DC7E6E /* Debug */ = {
			isa = XCBuildConfiguration;
			buildSettings = {
				ALWAYS_SEARCH_USER_PATHS = NO;
				CLANG_ANALYZER_NONNULL = YES;
				CLANG_ANALYZER_NUMBER_OBJECT_CONVERSION = YES_AGGRESSIVE;
				CLANG_CXX_LANGUAGE_STANDARD = "gnu++14";
				CLANG_CXX_LIBRARY = "libc++";
				CLANG_ENABLE_MODULES = YES;
				CLANG_ENABLE_OBJC_ARC = YES;
				CLANG_WARN_BLOCK_CAPTURE_AUTORELEASING = YES;
				CLANG_WARN_BOOL_CONVERSION = YES;
				CLANG_WARN_COMMA = YES;
				CLANG_WARN_CONSTANT_CONVERSION = YES;
				CLANG_WARN_DIRECT_OBJC_ISA_USAGE = YES_ERROR;
				CLANG_WARN_DOCUMENTATION_COMMENTS = YES;
				CLANG_WARN_EMPTY_BODY = YES;
				CLANG_WARN_ENUM_CONVERSION = YES;
				CLANG_WARN_INFINITE_RECURSION = YES;
				CLANG_WARN_INT_CONVERSION = YES;
				CLANG_WARN_NON_LITERAL_NULL_CONVERSION = YES;
				CLANG_WARN_OBJC_LITERAL_CONVERSION = YES;
				CLANG_WARN_OBJC_ROOT_CLASS = YES_ERROR;
				CLANG_WARN_RANGE_LOOP_ANALYSIS = YES;
				CLANG_WARN_STRICT_PROTOTYPES = YES;
				CLANG_WARN_SUSPICIOUS_MOVE = YES;
				CLANG_WARN_UNGUARDED_AVAILABILITY = YES_AGGRESSIVE;
				CLANG_WARN_UNREACHABLE_CODE = YES;
				CLANG_WARN__DUPLICATE_METHOD_MATCH = YES;
				CODE_SIGN_IDENTITY = "iPhone Developer";
				COPY_PHASE_STRIP = NO;
				DEBUG_INFORMATION_FORMAT = dwarf;
				ENABLE_STRICT_OBJC_MSGSEND = YES;
				ENABLE_TESTABILITY = YES;
				GCC_C_LANGUAGE_STANDARD = gnu11;
				GCC_DYNAMIC_NO_PIC = NO;
				GCC_NO_COMMON_BLOCKS = YES;
				GCC_OPTIMIZATION_LEVEL = 0;
				GCC_PREPROCESSOR_DEFINITIONS = (
					"DEBUG=1",
					"$(inherited)",
				);
				GCC_WARN_64_TO_32_BIT_CONVERSION = YES;
				GCC_WARN_ABOUT_RETURN_TYPE = YES_ERROR;
				GCC_WARN_UNDECLARED_SELECTOR = YES;
				GCC_WARN_UNINITIALIZED_AUTOS = YES_AGGRESSIVE;
				GCC_WARN_UNUSED_FUNCTION = YES;
				GCC_WARN_UNUSED_VARIABLE = YES;
				IPHONEOS_DEPLOYMENT_TARGET = 11.2;
				MTL_ENABLE_DEBUG_INFO = YES;
				ONLY_ACTIVE_ARCH = YES;
				SDKROOT = iphoneos;
				SWIFT_ACTIVE_COMPILATION_CONDITIONS = DEBUG;
				SWIFT_OPTIMIZATION_LEVEL = "-Onone";
			};
			name = Debug;
		};
		AC552E84208E988800DC7E6E /* Release */ = {
			isa = XCBuildConfiguration;
			buildSettings = {
				ALWAYS_SEARCH_USER_PATHS = NO;
				CLANG_ANALYZER_NONNULL = YES;
				CLANG_ANALYZER_NUMBER_OBJECT_CONVERSION = YES_AGGRESSIVE;
				CLANG_CXX_LANGUAGE_STANDARD = "gnu++14";
				CLANG_CXX_LIBRARY = "libc++";
				CLANG_ENABLE_MODULES = YES;
				CLANG_ENABLE_OBJC_ARC = YES;
				CLANG_WARN_BLOCK_CAPTURE_AUTORELEASING = YES;
				CLANG_WARN_BOOL_CONVERSION = YES;
				CLANG_WARN_COMMA = YES;
				CLANG_WARN_CONSTANT_CONVERSION = YES;
				CLANG_WARN_DIRECT_OBJC_ISA_USAGE = YES_ERROR;
				CLANG_WARN_DOCUMENTATION_COMMENTS = YES;
				CLANG_WARN_EMPTY_BODY = YES;
				CLANG_WARN_ENUM_CONVERSION = YES;
				CLANG_WARN_INFINITE_RECURSION = YES;
				CLANG_WARN_INT_CONVERSION = YES;
				CLANG_WARN_NON_LITERAL_NULL_CONVERSION = YES;
				CLANG_WARN_OBJC_LITERAL_CONVERSION = YES;
				CLANG_WARN_OBJC_ROOT_CLASS = YES_ERROR;
				CLANG_WARN_RANGE_LOOP_ANALYSIS = YES;
				CLANG_WARN_STRICT_PROTOTYPES = YES;
				CLANG_WARN_SUSPICIOUS_MOVE = YES;
				CLANG_WARN_UNGUARDED_AVAILABILITY = YES_AGGRESSIVE;
				CLANG_WARN_UNREACHABLE_CODE = YES;
				CLANG_WARN__DUPLICATE_METHOD_MATCH = YES;
				CODE_SIGN_IDENTITY = "iPhone Developer";
				COPY_PHASE_STRIP = NO;
				DEBUG_INFORMATION_FORMAT = "dwarf-with-dsym";
				ENABLE_NS_ASSERTIONS = NO;
				ENABLE_STRICT_OBJC_MSGSEND = YES;
				GCC_C_LANGUAGE_STANDARD = gnu11;
				GCC_NO_COMMON_BLOCKS = YES;
				GCC_WARN_64_TO_32_BIT_CONVERSION = YES;
				GCC_WARN_ABOUT_RETURN_TYPE = YES_ERROR;
				GCC_WARN_UNDECLARED_SELECTOR = YES;
				GCC_WARN_UNINITIALIZED_AUTOS = YES_AGGRESSIVE;
				GCC_WARN_UNUSED_FUNCTION = YES;
				GCC_WARN_UNUSED_VARIABLE = YES;
				IPHONEOS_DEPLOYMENT_TARGET = 11.2;
				MTL_ENABLE_DEBUG_INFO = NO;
				SDKROOT = iphoneos;
				SWIFT_OPTIMIZATION_LEVEL = "-Owholemodule";
				VALIDATE_PRODUCT = YES;
			};
			name = Release;
		};
		AC552E86208E988800DC7E6E /* Debug */ = {
			isa = XCBuildConfiguration;
			buildSettings = {
				ASSETCATALOG_COMPILER_APPICON_NAME = AppIcon;
				CODE_SIGN_STYLE = Automatic;
				INFOPLIST_FILE = LucasCaramelo/Info.plist;
				LD_RUNPATH_SEARCH_PATHS = "$(inherited) @executable_path/Frameworks";
				PRODUCT_BUNDLE_IDENTIFIER = fiap.com.br.LucasCaramelo;
				PRODUCT_NAME = "$(TARGET_NAME)";
				SWIFT_VERSION = 4.0;
				TARGETED_DEVICE_FAMILY = "1,2";
			};
			name = Debug;
		};
		AC552E87208E988800DC7E6E /* Release */ = {
			isa = XCBuildConfiguration;
			buildSettings = {
				ASSETCATALOG_COMPILER_APPICON_NAME = AppIcon;
				CODE_SIGN_STYLE = Automatic;
				INFOPLIST_FILE = LucasCaramelo/Info.plist;
				LD_RUNPATH_SEARCH_PATHS = "$(inherited) @executable_path/Frameworks";
				PRODUCT_BUNDLE_IDENTIFIER = fiap.com.br.LucasCaramelo;
				PRODUCT_NAME = "$(TARGET_NAME)";
				SWIFT_VERSION = 4.0;
				TARGETED_DEVICE_FAMILY = "1,2";
			};
			name = Release;
		};
/* End XCBuildConfiguration section */

/* Begin XCConfigurationList section */
		AC552E6B208E988800DC7E6E /* Build configuration list for PBXProject "LucasCaramelo" */ = {
			isa = XCConfigurationList;
			buildConfigurations = (
				AC552E83208E988800DC7E6E /* Debug */,
				AC552E84208E988800DC7E6E /* Release */,
			);
			defaultConfigurationIsVisible = 0;
			defaultConfigurationName = Release;
		};
		AC552E85208E988800DC7E6E /* Build configuration list for PBXNativeTarget "LucasCaramelo" */ = {
			isa = XCConfigurationList;
			buildConfigurations = (
				AC552E86208E988800DC7E6E /* Debug */,
				AC552E87208E988800DC7E6E /* Release */,
			);
			defaultConfigurationIsVisible = 0;
			defaultConfigurationName = Release;
		};
/* End XCConfigurationList section */

/* Begin XCVersionGroup section */
		AC552E7A208E988800DC7E6E /* LucasCaramelo.xcdatamodeld */ = {
			isa = XCVersionGroup;
			children = (
				AC552E7B208E988800DC7E6E /* LucasCaramelo.xcdatamodel */,
			);
			currentVersion = AC552E7B208E988800DC7E6E /* LucasCaramelo.xcdatamodel */;
			path = LucasCaramelo.xcdatamodeld;
			sourceTree = "<group>";
			versionGroupType = wrapper.xcdatamodel;
		};
/* End XCVersionGroup section */
	};
	rootObject = AC552E68208E988800DC7E6E /* Project object */;
}
